
Microsoft Visual Studio Solution File, Format Version 12.00
# Visual Studio Version 17
VisualStudioVersion = 17.5.33530.505
MinimumVisualStudioVersion = 10.0.40219.1
Project("{8BC9CEB8-8B4A-11D0-8D11-00A0C91BC942}") = "TowerOfHanoi", "TowerOfHanoi\TowerOfHanoi.vcxproj", "{EE01012D-7236-49B3-9B72-F4EF86D1D6FE}"
EndProject
Global
	GlobalSection(SolutionConfigurationPlatforms) = preSolution
		Debug|x64 = Debug|x64
		Debug|x86 = Debug|x86
		Release|x64 = Release|x64
		Release|x86 = Release|x86
	EndGlobalSection
	GlobalSection(ProjectConfigurationPlatforms) = postSolution
		{EE01012D-7236-49B3-9B72-F4EF86D1D6FE}.Debug|x64.ActiveCfg = Debug|x64
		{EE01012D-7236-49B3-9B72-F4EF86D1D6FE}.Debug|x64.Build.0 = Debug|x64
		{EE01012D-7236-49B3-9B72-F4EF86D1D6FE}.Debug|x86.ActiveCfg = Debug|Win32
		{EE01012D-7236-49B3-9B72-F4EF86D1D6FE}.Debug|x86.Build.0 = Debug|Win32
		{EE01012D-7236-49B3-9B72-F4EF86D1D6FE}.Release|x64.ActiveCfg = Release|x64
		{EE01012D-7236-49B3-9B72-F4EF86D1D6FE}.Release|x64.Build.0 = Release|x64
		{EE01012D-7236-49B3-9B72-F4EF86D1D6FE}.Release|x86.ActiveCfg = Release|Win32
		{EE01012D-7236-49B3-9B72-F4EF86D1D6FE}.Release|x86.Build.0 = Release|Win32
	EndGlobalSection
	GlobalSection(SolutionProperties) = preSolution
		HideSolutionNode = FALSE
	EndGlobalSection
	GlobalSection(ExtensibilityGlobals) = postSolution
		SolutionGuid = {2DBDE64E-96F9-4D4D-A972-3026F9750BBA}
	EndGlobalSection
EndGlobal
